Microsoft Visual Studio Solution File, Format Version 11.00
# Visual Studio 2008

Project("{A16DDAC0-44ED-7CFE-C708-5173C1B2CB56}") = "cat wizards", "Assembly-CSharp.csproj", "{3649B82F-516C-8DFF-16FF-330CF02F5506}"
EndProject
Global
	GlobalSection(SolutionConfigurationPlatforms) = preSolution
		Debug|Any CPU = Debug|Any CPU
		Release|Any CPU = Release|Any CPU
	EndGlobalSection
	GlobalSection(ProjectConfigurationPlatforms) = postSolution
		{3649B82F-516C-8DFF-16FF-330CF02F5506}.Debug|Any CPU.ActiveCfg = Debug|Any CPU
		{3649B82F-516C-8DFF-16FF-330CF02F5506}.Debug|Any CPU.Build.0 = Debug|Any CPU
		{3649B82F-516C-8DFF-16FF-330CF02F5506}.Release|Any CPU.ActiveCfg = Release|Any CPU
		{3649B82F-516C-8DFF-16FF-330CF02F5506}.Release|Any CPU.Build.0 = Release|Any CPU
	EndGlobalSection
	GlobalSection(SolutionProperties) = preSolution
		HideSolutionNode = FALSE
	EndGlobalSection
	GlobalSection(MonoDevelopProperties) = preSolution
		StartupItem = Assembly-CSharp.csproj
	EndGlobalSection
EndGlobal
